
Microsoft Visual Studio Solution File, Format Version 12.00
# Visual Studio Version 16
VisualStudioVersion = 16.0.29609.76
MinimumVisualStudioVersion = 15.0.26124.0
Project("{2150E333-8FDC-42A3-9474-1A3956D46DE8}") = "src", "src", "{5373954B-D248-4040-8BA9-64AF2056E971}"
EndProject
Project("{2150E333-8FDC-42A3-9474-1A3956D46DE8}") = "tests", "tests", "{1FC7100C-5FED-4AEC-BCCC-2326EB2ABA53}"
EndProject
Project("{FAE04EC0-301F-11D3-BF4B-00C04F79EFBC}") = "EloBaza.WebApi", "src\EloBaza.WebApi\EloBaza.WebApi.csproj", "{19C6A39B-5C5F-4F89-9547-2386C7C63BB6}"
EndProject
Project("{FAE04EC0-301F-11D3-BF4B-00C04F79EFBC}") = "EloBaza.Domain", "src\EloBaza.Domain\EloBaza.Domain.csproj", "{5FA39A43-1CBA-4238-8EE7-27E4A86183A2}"
EndProject
Project("{FAE04EC0-301F-11D3-BF4B-00C04F79EFBC}") = "EloBaza.Infrastructure", "src\EloBaza.Infrastructure\EloBaza.Infrastructure.csproj", "{EDF02433-C859-4AF8-876F-78ECAC3737F8}"
EndProject
Project("{FAE04EC0-301F-11D3-BF4B-00C04F79EFBC}") = "EloBaza.Application", "src\EloBaza.Application\EloBaza.Application.csproj", "{17DC06F7-B1E4-4C97-8C83-FE4F9DA42E1F}"
EndProject
Global
	GlobalSection(SolutionConfigurationPlatforms) = preSolution
		Debug|Any CPU = Debug|Any CPU
		Release|Any CPU = Release|Any CPU
	EndGlobalSection
	GlobalSection(ProjectConfigurationPlatforms) = postSolution
		{19C6A39B-5C5F-4F89-9547-2386C7C63BB6}.Debug|Any CPU.ActiveCfg = Debug|Any CPU
		{19C6A39B-5C5F-4F89-9547-2386C7C63BB6}.Debug|Any CPU.Build.0 = Debug|Any CPU
		{19C6A39B-5C5F-4F89-9547-2386C7C63BB6}.Release|Any CPU.ActiveCfg = Release|Any CPU
		{19C6A39B-5C5F-4F89-9547-2386C7C63BB6}.Release|Any CPU.Build.0 = Release|Any CPU
		{5FA39A43-1CBA-4238-8EE7-27E4A86183A2}.Debug|Any CPU.ActiveCfg = Debug|Any CPU
		{5FA39A43-1CBA-4238-8EE7-27E4A86183A2}.Debug|Any CPU.Build.0 = Debug|Any CPU
		{5FA39A43-1CBA-4238-8EE7-27E4A86183A2}.Release|Any CPU.ActiveCfg = Release|Any CPU
		{5FA39A43-1CBA-4238-8EE7-27E4A86183A2}.Release|Any CPU.Build.0 = Release|Any CPU
		{EDF02433-C859-4AF8-876F-78ECAC3737F8}.Debug|Any CPU.ActiveCfg = Debug|Any CPU
		{EDF02433-C859-4AF8-876F-78ECAC3737F8}.Debug|Any CPU.Build.0 = Debug|Any CPU
		{EDF02433-C859-4AF8-876F-78ECAC3737F8}.Release|Any CPU.ActiveCfg = Release|Any CPU
		{EDF02433-C859-4AF8-876F-78ECAC3737F8}.Release|Any CPU.Build.0 = Release|Any CPU
		{17DC06F7-B1E4-4C97-8C83-FE4F9DA42E1F}.Debug|Any CPU.ActiveCfg = Debug|Any CPU
		{17DC06F7-B1E4-4C97-8C83-FE4F9DA42E1F}.Debug|Any CPU.Build.0 = Debug|Any CPU
		{17DC06F7-B1E4-4C97-8C83-FE4F9DA42E1F}.Release|Any CPU.ActiveCfg = Release|Any CPU
		{17DC06F7-B1E4-4C97-8C83-FE4F9DA42E1F}.Release|Any CPU.Build.0 = Release|Any CPU
	EndGlobalSection
	GlobalSection(SolutionProperties) = preSolution
		HideSolutionNode = FALSE
	EndGlobalSection
	GlobalSection(NestedProjects) = preSolution
		{19C6A39B-5C5F-4F89-9547-2386C7C63BB6} = {5373954B-D248-4040-8BA9-64AF2056E971}
		{5FA39A43-1CBA-4238-8EE7-27E4A86183A2} = {5373954B-D248-4040-8BA9-64AF2056E971}
		{EDF02433-C859-4AF8-876F-78ECAC3737F8} = {5373954B-D248-4040-8BA9-64AF2056E971}
		{17DC06F7-B1E4-4C97-8C83-FE4F9DA42E1F} = {5373954B-D248-4040-8BA9-64AF2056E971}
	EndGlobalSection
	GlobalSection(ExtensibilityGlobals) = postSolution
		SolutionGuid = {FCC3E60B-285E-415F-8ABE-56F4E78EEF29}
	EndGlobalSection
EndGlobal
