
Microsoft Visual Studio Solution File, Format Version 12.00
# Visual Studio Version 16
VisualStudioVersion = 16.0.29609.76
MinimumVisualStudioVersion = 15.0.26124.0
Project("{2150E333-8FDC-42A3-9474-1A3956D46DE8}") = "src", "src", "{5373954B-D248-4040-8BA9-64AF2056E971}"
EndProject
Project("{2150E333-8FDC-42A3-9474-1A3956D46DE8}") = "tests", "tests", "{1FC7100C-5FED-4AEC-BCCC-2326EB2ABA53}"
EndProject
Project("{2150E333-8FDC-42A3-9474-1A3956D46DE8}") = "Solution Items", "Solution Items", "{4BBD72E3-818F-4FB9-8A7A-CF0667BD0D7B}"
	ProjectSection(SolutionItems) = preProject
		.dockerignore = .dockerignore
		.editorconfig = .editorconfig
	EndProjectSection
EndProject
Project("{9A19103F-16F7-4668-BE54-9A1E7A4F7556}") = "EloBaza.Domain", "src\EloBaza.Domain\EloBaza.Domain.csproj", "{DBF95BE3-BCFD-49ED-9602-3236DCC850F6}"
EndProject
Project("{9A19103F-16F7-4668-BE54-9A1E7A4F7556}") = "EloBaza.Application", "src\EloBaza.Application\EloBaza.Application.csproj", "{B592498F-62AC-4822-B9F4-3932261C3111}"
EndProject
Project("{9A19103F-16F7-4668-BE54-9A1E7A4F7556}") = "EloBaza.Infrastructure", "src\EloBaza.Infrastructure\EloBaza.Infrastructure.csproj", "{17987477-D56B-4E8B-AEEB-744BFBFDCABF}"
EndProject
Project("{9A19103F-16F7-4668-BE54-9A1E7A4F7556}") = "EloBaza.MigrationTool", "src\EloBaza.MigrationTool\EloBaza.MigrationTool.csproj", "{5693D538-7F84-47C5-9D54-E4C11993C535}"
EndProject
Project("{9A19103F-16F7-4668-BE54-9A1E7A4F7556}") = "EloBaza.WebApi", "src\EloBaza.WebApi\EloBaza.WebApi.csproj", "{664CFEFC-2E7B-42CD-9A65-8823F808ECB3}"
EndProject
Global
	GlobalSection(SolutionConfigurationPlatforms) = preSolution
		Debug|Any CPU = Debug|Any CPU
		Release|Any CPU = Release|Any CPU
	EndGlobalSection
	GlobalSection(ProjectConfigurationPlatforms) = postSolution
		{DBF95BE3-BCFD-49ED-9602-3236DCC850F6}.Debug|Any CPU.ActiveCfg = Debug|Any CPU
		{DBF95BE3-BCFD-49ED-9602-3236DCC850F6}.Debug|Any CPU.Build.0 = Debug|Any CPU
		{DBF95BE3-BCFD-49ED-9602-3236DCC850F6}.Release|Any CPU.ActiveCfg = Release|Any CPU
		{DBF95BE3-BCFD-49ED-9602-3236DCC850F6}.Release|Any CPU.Build.0 = Release|Any CPU
		{B592498F-62AC-4822-B9F4-3932261C3111}.Debug|Any CPU.ActiveCfg = Debug|Any CPU
		{B592498F-62AC-4822-B9F4-3932261C3111}.Debug|Any CPU.Build.0 = Debug|Any CPU
		{B592498F-62AC-4822-B9F4-3932261C3111}.Release|Any CPU.ActiveCfg = Release|Any CPU
		{B592498F-62AC-4822-B9F4-3932261C3111}.Release|Any CPU.Build.0 = Release|Any CPU
		{17987477-D56B-4E8B-AEEB-744BFBFDCABF}.Debug|Any CPU.ActiveCfg = Debug|Any CPU
		{17987477-D56B-4E8B-AEEB-744BFBFDCABF}.Debug|Any CPU.Build.0 = Debug|Any CPU
		{17987477-D56B-4E8B-AEEB-744BFBFDCABF}.Release|Any CPU.ActiveCfg = Release|Any CPU
		{17987477-D56B-4E8B-AEEB-744BFBFDCABF}.Release|Any CPU.Build.0 = Release|Any CPU
		{5693D538-7F84-47C5-9D54-E4C11993C535}.Debug|Any CPU.ActiveCfg = Debug|Any CPU
		{5693D538-7F84-47C5-9D54-E4C11993C535}.Debug|Any CPU.Build.0 = Debug|Any CPU
		{5693D538-7F84-47C5-9D54-E4C11993C535}.Release|Any CPU.ActiveCfg = Release|Any CPU
		{5693D538-7F84-47C5-9D54-E4C11993C535}.Release|Any CPU.Build.0 = Release|Any CPU
		{664CFEFC-2E7B-42CD-9A65-8823F808ECB3}.Debug|Any CPU.ActiveCfg = Debug|Any CPU
		{664CFEFC-2E7B-42CD-9A65-8823F808ECB3}.Debug|Any CPU.Build.0 = Debug|Any CPU
		{664CFEFC-2E7B-42CD-9A65-8823F808ECB3}.Release|Any CPU.ActiveCfg = Release|Any CPU
		{664CFEFC-2E7B-42CD-9A65-8823F808ECB3}.Release|Any CPU.Build.0 = Release|Any CPU
	EndGlobalSection
	GlobalSection(SolutionProperties) = preSolution
		HideSolutionNode = FALSE
	EndGlobalSection
	GlobalSection(NestedProjects) = preSolution
		{DBF95BE3-BCFD-49ED-9602-3236DCC850F6} = {5373954B-D248-4040-8BA9-64AF2056E971}
		{B592498F-62AC-4822-B9F4-3932261C3111} = {5373954B-D248-4040-8BA9-64AF2056E971}
		{17987477-D56B-4E8B-AEEB-744BFBFDCABF} = {5373954B-D248-4040-8BA9-64AF2056E971}
		{5693D538-7F84-47C5-9D54-E4C11993C535} = {5373954B-D248-4040-8BA9-64AF2056E971}
		{664CFEFC-2E7B-42CD-9A65-8823F808ECB3} = {5373954B-D248-4040-8BA9-64AF2056E971}
	EndGlobalSection
	GlobalSection(ExtensibilityGlobals) = postSolution
		SolutionGuid = {FCC3E60B-285E-415F-8ABE-56F4E78EEF29}
	EndGlobalSection
EndGlobal
